
Microsoft Visual Studio Solution File, Format Version 11.00
# Visual Studio 2010
Project("{FAE04EC0-301F-11D3-BF4B-00C04F79EFBC}") = "Assembly-CSharp", "Assembly-CSharp.csproj", "{5ADD4F58-9710-F93C-1C61-47FC133EE629}"
EndProject
Project("{FAE04EC0-301F-11D3-BF4B-00C04F79EFBC}") = "Assembly-CSharp-Editor", "Assembly-CSharp-Editor.csproj", "{0D5B6B93-3AFE-95D9-6933-0FB92C5C61EC}"
EndProject
Global
	GlobalSection(SolutionConfigurationPlatforms) = preSolution
		Debug|Any CPU = Debug|Any CPU
		Release|Any CPU = Release|Any CPU
	EndGlobalSection
	GlobalSection(ProjectConfigurationPlatforms) = postSolution
		{5ADD4F58-9710-F93C-1C61-47FC133EE629}.Debug|Any CPU.ActiveCfg = Debug|Any CPU
		{5ADD4F58-9710-F93C-1C61-47FC133EE629}.Debug|Any CPU.Build.0 = Debug|Any CPU
		{5ADD4F58-9710-F93C-1C61-47FC133EE629}.Release|Any CPU.ActiveCfg = Release|Any CPU
		{5ADD4F58-9710-F93C-1C61-47FC133EE629}.Release|Any CPU.Build.0 = Release|Any CPU
		{0D5B6B93-3AFE-95D9-6933-0FB92C5C61EC}.Debug|Any CPU.ActiveCfg = Debug|Any CPU
		{0D5B6B93-3AFE-95D9-6933-0FB92C5C61EC}.Debug|Any CPU.Build.0 = Debug|Any CPU
		{0D5B6B93-3AFE-95D9-6933-0FB92C5C61EC}.Release|Any CPU.ActiveCfg = Release|Any CPU
		{0D5B6B93-3AFE-95D9-6933-0FB92C5C61EC}.Release|Any CPU.Build.0 = Release|Any CPU
	EndGlobalSection
	GlobalSection(SolutionProperties) = preSolution
		HideSolutionNode = FALSE
	EndGlobalSection
EndGlobal
